github.com/gethinode/mod-docs v0.0.0-20260222134305-80cebfd8ba29 h1:iemYI2uoH3v7H9iSGSksonNAfOZCAT1DM60urryrXBQ=
github.com/gethinode/mod-docs v0.0.0-20260222134305-80cebfd8ba29/go.mod h1:ru1w0fHqFocjDIMV0dm40OwhBw5k4UncCS8iO/1S5kI=
github.com/gethinode/mod-docs v1.0.1 h1:T8CSI7EetP6sOYusQObyrT0QJ6o9LQH8lQkaJBQs51M=
github.com/gethinode/mod-docs v1.0.1/go.mod h1:ru1w0fHqFocjDIMV0dm40OwhBw5k4UncCS8iO/1S5kI=
github.com/gethinode/mod-docs v1.0.2 h1:kqdmhj7mewNXyjTMnILFolOBfLo51mHSw0fCTWwG5vA=
github.com/gethinode/mod-docs v1.0.2/go.mod h1:ru1w0fHqFocjDIMV0dm40OwhBw5k4UncCS8iO/1S5kI=
github.com/gethinode/mod-docs v1.1.1 h1:NmvDj41B7lQuXwkV3rahFliRBAZVz9pxBlGRCoSVUws=
github.com/gethinode/mod-docs v1.1.1/go.mod h1:ru1w0fHqFocjDIMV0dm40OwhBw5k4UncCS8iO/1S5kI=
github.com/gethinode/mod-docs v1.1.2 h1:xAhgmGrrEWEFPYbT3Ng57TWvOHcIn2z0Wps8iIOUGK4=
github.com/gethinode/mod-docs v1.1.2/go.mod h1:ru1w0fHqFocjDIMV0dm40OwhBw5k4UncCS8iO/1S5kI=
github.com/gethinode/mod-docs v1.3.0 h1:3sX5SlLKTtfd0WtI9NjfWR8Zse7rf+MuHupnkMoG1/w=
github.com/gethinode/mod-docs v1.3.0/go.mod h1:ru1w0fHqFocjDIMV0dm40OwhBw5k4UncCS8iO/1S5kI=
github.com/gethinode/mod-docs v1.4.0 h1:8StPPaPlLk8BnCK4OwIxbuFxiXTfU3gwOi5q/UfDW0c=
github.com/gethinode/mod-docs v1.4.0/go.mod h1:ru1w0fHqFocjDIMV0dm40OwhBw5k4UncCS8iO/1S5kI=
github.com/gethinode/mod-docs v1.5.0 h1:CGwaApo+xNkiZUYHd8Y8ZJmPTjoEDOYrnfxZuYtYf60=
github.com/gethinode/mod-docs v1.5.0/go.mod h1:ru1w0fHqFocjDIMV0dm40OwhBw5k4UncCS8iO/1S5kI=
github.com/gethinode/mod-docs v1.6.0 h1:RXsY+TFuy8ScCI+e5/HDDiIt5usu5jhokDmqJ9pZpxw=
github.com/gethinode/mod-docs v1.6.0/go.mod h1:ru1w0fHqFocjDIMV0dm40OwhBw5k4UncCS8iO/1S5kI=
github.com/gethinode/mod-docs v1.6.2 h1:aO5IMoXmn5gQHoR9JOX3sZU4ZhKsujbjDDN8YRt+j8c=
github.com/gethinode/mod-docs v1.6.2/go.mod h1:ru1w0fHqFocjDIMV0dm40OwhBw5k4UncCS8iO/1S5kI=
github.com/gethinode/mod-docs v1.6.3 h1:D+Z0XLI4p62BGe8XpRSLgh4/Rwr42KP5zhgOIRfG/xQ=
github.com/gethinode/mod-docs v1.6.3/go.mod h1:ru1w0fHqFocjDIMV0dm40OwhBw5k4UncCS8iO/1S5kI=
github.com/gethinode/mod-docs v1.7.0 h1:xNk87WXBlUfYTKbr6OW2EXYX8x62XIz5iPcMm4P9J5M=
github.com/gethinode/mod-docs v1.7.0/go.mod h1:ru1w0fHqFocjDIMV0dm40OwhBw5k4UncCS8iO/1S5kI=
github.com/gethinode/mod-docs v1.8.0 h1:l9K5oJlLcAmlvoNZB1aBouv7VC8f4sCrpD7iyHxCbnk=
github.com/gethinode/mod-docs v1.8.0/go.mod h1:ru1w0fHqFocjDIMV0dm40OwhBw5k4UncCS8iO/1S5kI=
